// !$*UTF8*$!
{
	archiveVersion = 1;
	classes = {
	};
	objectVersion = 51;
	objects = {

/* Begin PBXBuildFile section */
		2F842A9C2737CA7F00AA261A /* AppDelegate.swift in Sources */ = {isa = PBXBuildFile; fileRef = 2F842A9B2737CA7F00AA261A /* AppDelegate.swift */; };
		2F842A9E2737CA7F00AA261A /* SceneDelegate.swift in Sources */ = {isa = PBXBuildFile; fileRef = 2F842A9D2737CA7F00AA261A /* SceneDelegate.swift */; };
		2F842AA32737CA7F00AA261A /* Main.storyboard in Resources */ = {isa = PBXBuildFile; fileRef = 2F842AA12737CA7F00AA261A /* Main.storyboard */; };
		2F842AA52737CA8100AA261A /* Assets.xcassets in Resources */ = {isa = PBXBuildFile; fileRef = 2F842AA42737CA8100AA261A /* Assets.xcassets */; };
		2F842AA82737CA8100AA261A /* LaunchScreen.storyboard in Resources */ = {isa = PBXBuildFile; fileRef = 2F842AA62737CA8100AA261A /* LaunchScreen.storyboard */; };
		2F842AB72737CEEB00AA261A /* ZKButton.swift in Sources */ = {isa = PBXBuildFile; fileRef = 2F842AB62737CEEB00AA261A /* ZKButton.swift */; };
		2F842ABC2737D2B800AA261A /* ZKColor.swift in Sources */ = {isa = PBXBuildFile; fileRef = 2F842ABB2737D2B800AA261A /* ZKColor.swift */; };
		2F842ABF2737D3E500AA261A /* HomeVC.swift in Sources */ = {isa = PBXBuildFile; fileRef = 2F842ABE2737D3E500AA261A /* HomeVC.swift */; };
		2F842AC52737D82F00AA261A /* Person.swift in Sources */ = {isa = PBXBuildFile; fileRef = 2F842AC42737D82F00AA261A /* Person.swift */; };
		2F842ACC2737DB9C00AA261A /* PersonInfoVC.swift in Sources */ = {isa = PBXBuildFile; fileRef = 2F842ACB2737DB9C00AA261A /* PersonInfoVC.swift */; };
		2F842AD02737DFFA00AA261A /* PersonMock.swift in Sources */ = {isa = PBXBuildFile; fileRef = 2F842ACF2737DFFA00AA261A /* PersonMock.swift */; };
		2F842AD52737E11B00AA261A /* ZKPersonCell.swift in Sources */ = {isa = PBXBuildFile; fileRef = 2F842AD42737E11B00AA261A /* ZKPersonCell.swift */; };
		2F842ADD2737EAC500AA261A /* PersonListVC.swift in Sources */ = {isa = PBXBuildFile; fileRef = 2F842ADC2737EAC500AA261A /* PersonListVC.swift */; };
		2F842AE22738096700AA261A /* ZKButtonClose.swift in Sources */ = {isa = PBXBuildFile; fileRef = 2F842AE12738096700AA261A /* ZKButtonClose.swift */; };
		2F842AE527381BDC00AA261A /* ZKIcons.swift in Sources */ = {isa = PBXBuildFile; fileRef = 2F842AE427381BDC00AA261A /* ZKIcons.swift */; };
		2F842AE9273830BA00AA261A /* KeyboardTestVC.swift in Sources */ = {isa = PBXBuildFile; fileRef = 2F842AE8273830BA00AA261A /* KeyboardTestVC.swift */; };
		2F842AF92738376200AA261A /* WebTestVC.swift in Sources */ = {isa = PBXBuildFile; fileRef = 2F842AF82738376200AA261A /* WebTestVC.swift */; };
		2F842AFC273838A000AA261A /* WebKit.framework in Frameworks */ = {isa = PBXBuildFile; fileRef = 2F842AFB273838A000AA261A /* WebKit.framework */; };
		4F881A49785FAE5B9DA0AA9D /* Pods_ZadatakK7.framework in Frameworks */ = {isa = PBXBuildFile; fileRef = CF2D05EC2C21383E54632E8E /* Pods_ZadatakK7.framework */; };
/* End PBXBuildFile section */

/* Begin PBXFileReference section */
		2F842A982737CA7F00AA261A /* ZadatakK7.app */ = {isa = PBXFileReference; explicitFileType = wrapper.application; includeInIndex = 0; path = ZadatakK7.app; sourceTree = BUILT_PRODUCTS_DIR; };
		2F842A9B2737CA7F00AA261A /* AppDelegate.swift */ = {isa = PBXFileReference; lastKnownFileType = sourcecode.swift; path = AppDelegate.swift; sourceTree = "<group>"; };
		2F842A9D2737CA7F00AA261A /* SceneDelegate.swift */ = {isa = PBXFileReference; lastKnownFileType = sourcecode.swift; path = SceneDelegate.swift; sourceTree = "<group>"; };
		2F842AA22737CA7F00AA261A /* Base */ = {isa = PBXFileReference; lastKnownFileType = file.storyboard; name = Base; path = Base.lproj/Main.storyboard; sourceTree = "<group>"; };
		2F842AA42737CA8100AA261A /* Assets.xcassets */ = {isa = PBXFileReference; lastKnownFileType = folder.assetcatalog; path = Assets.xcassets; sourceTree = "<group>"; };
		2F842AA72737CA8100AA261A /* Base */ = {isa = PBXFileReference; lastKnownFileType = file.storyboard; name = Base; path = Base.lproj/LaunchScreen.storyboard; sourceTree = "<group>"; };
		2F842AA92737CA8100AA261A /* Info.plist */ = {isa = PBXFileReference; lastKnownFileType = text.plist.xml; path = Info.plist; sourceTree = "<group>"; };
		2F842AB62737CEEB00AA261A /* ZKButton.swift */ = {isa = PBXFileReference; lastKnownFileType = sourcecode.swift; path = ZKButton.swift; sourceTree = "<group>"; };
		2F842ABB2737D2B800AA261A /* ZKColor.swift */ = {isa = PBXFileReference; lastKnownFileType = sourcecode.swift; path = ZKColor.swift; sourceTree = "<group>"; };
		2F842ABE2737D3E500AA261A /* HomeVC.swift */ = {isa = PBXFileReference; lastKnownFileType = sourcecode.swift; path = HomeVC.swift; sourceTree = "<group>"; };
		2F842AC42737D82F00AA261A /* Person.swift */ = {isa = PBXFileReference; lastKnownFileType = sourcecode.swift; path = Person.swift; sourceTree = "<group>"; };
		2F842ACB2737DB9C00AA261A /* PersonInfoVC.swift */ = {isa = PBXFileReference; lastKnownFileType = sourcecode.swift; path = PersonInfoVC.swift; sourceTree = "<group>"; };
		2F842ACF2737DFFA00AA261A /* PersonMock.swift */ = {isa = PBXFileReference; lastKnownFileType = sourcecode.swift; path = PersonMock.swift; sourceTree = "<group>"; };
		2F842AD42737E11B00AA261A /* ZKPersonCell.swift */ = {isa = PBXFileReference; lastKnownFileType = sourcecode.swift; path = ZKPersonCell.swift; sourceTree = "<group>"; };
		2F842ADC2737EAC500AA261A /* PersonListVC.swift */ = {isa = PBXFileReference; lastKnownFileType = sourcecode.swift; path = PersonListVC.swift; sourceTree = "<group>"; };
		2F842AE12738096700AA261A /* ZKButtonClose.swift */ = {isa = PBXFileReference; lastKnownFileType = sourcecode.swift; path = ZKButtonClose.swift; sourceTree = "<group>"; };
		2F842AE427381BDC00AA261A /* ZKIcons.swift */ = {isa = PBXFileReference; lastKnownFileType = sourcecode.swift; path = ZKIcons.swift; sourceTree = "<group>"; };
		2F842AE8273830BA00AA261A /* KeyboardTestVC.swift */ = {isa = PBXFileReference; lastKnownFileType = sourcecode.swift; path = KeyboardTestVC.swift; sourceTree = "<group>"; };
		2F842AF82738376200AA261A /* WebTestVC.swift */ = {isa = PBXFileReference; lastKnownFileType = sourcecode.swift; path = WebTestVC.swift; sourceTree = "<group>"; };
		2F842AFB273838A000AA261A /* WebKit.framework */ = {isa = PBXFileReference; lastKnownFileType = wrapper.framework; name = WebKit.framework; path = System/Library/Frameworks/WebKit.framework; sourceTree = SDKROOT; };
		7FC6119FD2353369BC0BB79A /* Pods-ZadatakK7.release.xcconfig */ = {isa = PBXFileReference; includeInIndex = 1; lastKnownFileType = text.xcconfig; name = "Pods-ZadatakK7.release.xcconfig"; path = "Target Support Files/Pods-ZadatakK7/Pods-ZadatakK7.release.xcconfig"; sourceTree = "<group>"; };
		7FF411D70B8679A6D69539A8 /* Pods-ZadatakK7.debug.xcconfig */ = {isa = PBXFileReference; includeInIndex = 1; lastKnownFileType = text.xcconfig; name = "Pods-ZadatakK7.debug.xcconfig"; path = "Target Support Files/Pods-ZadatakK7/Pods-ZadatakK7.debug.xcconfig"; sourceTree = "<group>"; };
		CF2D05EC2C21383E54632E8E /* Pods_ZadatakK7.framework */ = {isa = PBXFileReference; explicitFileType = wrapper.framework; includeInIndex = 0; path = Pods_ZadatakK7.framework; sourceTree = BUILT_PRODUCTS_DIR; };
/* End PBXFileReference section */

/* Begin PBXFrameworksBuildPhase section */
		2F842A952737CA7F00AA261A /* Frameworks */ = {
			isa = PBXFrameworksBuildPhase;
			buildActionMask = 2147483647;
			files = (
				2F842AFC273838A000AA261A /* WebKit.framework in Frameworks */,
				4F881A49785FAE5B9DA0AA9D /* Pods_ZadatakK7.framework in Frameworks */,
			);
			runOnlyForDeploymentPostprocessing = 0;
		};
/* End PBXFrameworksBuildPhase section */

/* Begin PBXGroup section */
		09A0AB7F62BFF95BC93C2CF7 /* Pods */ = {
			isa = PBXGroup;
			children = (
				7FF411D70B8679A6D69539A8 /* Pods-ZadatakK7.debug.xcconfig */,
				7FC6119FD2353369BC0BB79A /* Pods-ZadatakK7.release.xcconfig */,
			);
			path = Pods;
			sourceTree = "<group>";
		};
		25587F912F62533F068997D7 /* Frameworks */ = {
			isa = PBXGroup;
			children = (
				2F842AFB273838A000AA261A /* WebKit.framework */,
				CF2D05EC2C21383E54632E8E /* Pods_ZadatakK7.framework */,
			);
			name = Frameworks;
			sourceTree = "<group>";
		};
		2F842A8F2737CA7F00AA261A = {
			isa = PBXGroup;
			children = (
				2F842A9A2737CA7F00AA261A /* ZadatakK7 */,
				2F842A992737CA7F00AA261A /* Products */,
				09A0AB7F62BFF95BC93C2CF7 /* Pods */,
				25587F912F62533F068997D7 /* Frameworks */,
			);
			sourceTree = "<group>";
		};
		2F842A992737CA7F00AA261A /* Products */ = {
			isa = PBXGroup;
			children = (
				2F842A982737CA7F00AA261A /* ZadatakK7.app */,
			);
			name = Products;
			sourceTree = "<group>";
		};
		2F842A9A2737CA7F00AA261A /* ZadatakK7 */ = {
			isa = PBXGroup;
			children = (
				2F842AA92737CA8100AA261A /* Info.plist */,
				2F842AB92737D2A400AA261A /* Config */,
				2F842AB52737CEB000AA261A /* Custom */,
				2F842ACE2737DD5D00AA261A /* Mocks */,
				2F842AC32737D81000AA261A /* Model */,
				2F842AB02737CBC300AA261A /* Support */,
				2F842AB32737CC1400AA261A /* ViewControllers */,
			);
			path = ZadatakK7;
			sourceTree = "<group>";
		};
		2F842AB02737CBC300AA261A /* Support */ = {
			isa = PBXGroup;
			children = (
				2F842A9B2737CA7F00AA261A /* AppDelegate.swift */,
				2F842A9D2737CA7F00AA261A /* SceneDelegate.swift */,
				2F842AA12737CA7F00AA261A /* Main.storyboard */,
				2F842AA42737CA8100AA261A /* Assets.xcassets */,
				2F842AA62737CA8100AA261A /* LaunchScreen.storyboard */,
			);
			path = Support;
			sourceTree = "<group>";
		};
		2F842AB32737CC1400AA261A /* ViewControllers */ = {
			isa = PBXGroup;
			children = (
				2F842ABE2737D3E500AA261A /* HomeVC.swift */,
				2F842AC72737DB4400AA261A /* DataList */,
				2F842AE72738309200AA261A /* Keyboard */,
				2F842AF72738374800AA261A /* Web */,
			);
			path = ViewControllers;
			sourceTree = "<group>";
		};
		2F842AB52737CEB000AA261A /* Custom */ = {
			isa = PBXGroup;
			children = (
				2F842AD32737E10300AA261A /* Cells */,
				2F842AD22737E0F800AA261A /* Buttons */,
			);
			path = Custom;
			sourceTree = "<group>";
		};
		2F842AB92737D2A400AA261A /* Config */ = {
			isa = PBXGroup;
			children = (
				2F842ABB2737D2B800AA261A /* ZKColor.swift */,
				2F842AE427381BDC00AA261A /* ZKIcons.swift */,
			);
			path = Config;
			sourceTree = "<group>";
		};
		2F842AC32737D81000AA261A /* Model */ = {
			isa = PBXGroup;
			children = (
				2F842AC42737D82F00AA261A /* Person.swift */,
			);
			path = Model;
			sourceTree = "<group>";
		};
		2F842AC72737DB4400AA261A /* DataList */ = {
			isa = PBXGroup;
			children = (
				2F842ACB2737DB9C00AA261A /* PersonInfoVC.swift */,
				2F842ADC2737EAC500AA261A /* PersonListVC.swift */,
			);
			path = DataList;
			sourceTree = "<group>";
		};
		2F842ACE2737DD5D00AA261A /* Mocks */ = {
			isa = PBXGroup;
			children = (
				2F842ACF2737DFFA00AA261A /* PersonMock.swift */,
			);
			path = Mocks;
			sourceTree = "<group>";
		};
		2F842AD22737E0F800AA261A /* Buttons */ = {
			isa = PBXGroup;
			children = (
				2F842AB62737CEEB00AA261A /* ZKButton.swift */,
				2F842AE12738096700AA261A /* ZKButtonClose.swift */,
			);
			path = Buttons;
			sourceTree = "<group>";
		};
		2F842AD32737E10300AA261A /* Cells */ = {
			isa = PBXGroup;
			children = (
				2F842AD42737E11B00AA261A /* ZKPersonCell.swift */,
			);
			path = Cells;
			sourceTree = "<group>";
		};
		2F842AE72738309200AA261A /* Keyboard */ = {
			isa = PBXGroup;
			children = (
				2F842AE8273830BA00AA261A /* KeyboardTestVC.swift */,
			);
			path = Keyboard;
			sourceTree = "<group>";
		};
		2F842AF72738374800AA261A /* Web */ = {
			isa = PBXGroup;
			children = (
				2F842AF82738376200AA261A /* WebTestVC.swift */,
			);
			path = Web;
			sourceTree = "<group>";
		};
/* End PBXGroup section */

/* Begin PBXNativeTarget section */
		2F842A972737CA7F00AA261A /* ZadatakK7 */ = {
			isa = PBXNativeTarget;
			buildConfigurationList = 2F842AAC2737CA8100AA261A /* Build configuration list for PBXNativeTarget "ZadatakK7" */;
			buildPhases = (
				852B075C7FB5BE69EE45EAB2 /* [CP] Check Pods Manifest.lock */,
				2F842A942737CA7F00AA261A /* Sources */,
				2F842A952737CA7F00AA261A /* Frameworks */,
				2F842A962737CA7F00AA261A /* Resources */,
				BEE6AF2087C0735EF42F16E4 /* [CP] Embed Pods Frameworks */,
			);
			buildRules = (
			);
			dependencies = (
			);
			name = ZadatakK7;
			productName = ZadatakK7;
			productReference = 2F842A982737CA7F00AA261A /* ZadatakK7.app */;
			productType = "com.apple.product-type.application";
		};
/* End PBXNativeTarget section */

/* Begin PBXProject section */
		2F842A902737CA7F00AA261A /* Project object */ = {
			isa = PBXProject;
			attributes = {
				LastSwiftUpdateCheck = 1240;
				LastUpgradeCheck = 1240;
				TargetAttributes = {
					2F842A972737CA7F00AA261A = {
						CreatedOnToolsVersion = 12.4;
					};
				};
			};
			buildConfigurationList = 2F842A932737CA7F00AA261A /* Build configuration list for PBXProject "ZadatakK7" */;
			compatibilityVersion = "Xcode 9.3";
			developmentRegion = en;
			hasScannedForEncodings = 0;
			knownRegions = (
				en,
				Base,
			);
			mainGroup = 2F842A8F2737CA7F00AA261A;
			productRefGroup = 2F842A992737CA7F00AA261A /* Products */;
			projectDirPath = "";
			projectRoot = "";
			targets = (
				2F842A972737CA7F00AA261A /* ZadatakK7 */,
			);
		};
/* End PBXProject section */

/* Begin PBXResourcesBuildPhase section */
		2F842A962737CA7F00AA261A /* Resources */ = {
			isa = PBXResourcesBuildPhase;
			buildActionMask = 2147483647;
			files = (
				2F842AA82737CA8100AA261A /* LaunchScreen.storyboard in Resources */,
				2F842AA52737CA8100AA261A /* Assets.xcassets in Resources */,
				2F842AA32737CA7F00AA261A /* Main.storyboard in Resources */,
			);
			runOnlyForDeploymentPostprocessing = 0;
		};
/* End PBXResourcesBuildPhase section */

/* Begin PBXShellScriptBuildPhase section */
		852B075C7FB5BE69EE45EAB2 /* [CP] Check Pods Manifest.lock */ = {
			isa = PBXShellScriptBuildPhase;
			buildActionMask = 2147483647;
			files = (
			);
			inputFileListPaths = (
			);
			inputPaths = (
				"${PODS_PODFILE_DIR_PATH}/Podfile.lock",
				"${PODS_ROOT}/Manifest.lock",
			);
			name = "[CP] Check Pods Manifest.lock";
			outputFileListPaths = (
			);
			outputPaths = (
				"$(DERIVED_FILE_DIR)/Pods-ZadatakK7-checkManifestLockResult.txt",
			);
			runOnlyForDeploymentPostprocessing = 0;
			shellPath = /bin/sh;
			shellScript = "diff \"${PODS_PODFILE_DIR_PATH}/Podfile.lock\" \"${PODS_ROOT}/Manifest.lock\" > /dev/null\nif [ $? != 0 ] ; then\n    # print error to STDERR\n    echo \"error: The sandbox is not in sync with the Podfile.lock. Run 'pod install' or update your CocoaPods installation.\" >&2\n    exit 1\nfi\n# This output is used by Xcode 'outputs' to avoid re-running this script phase.\necho \"SUCCESS\" > \"${SCRIPT_OUTPUT_FILE_0}\"\n";
			showEnvVarsInLog = 0;
		};
		BEE6AF2087C0735EF42F16E4 /* [CP] Embed Pods Frameworks */ = {
			isa = PBXShellScriptBuildPhase;
			buildActionMask = 2147483647;
			files = (
			);
			inputFileListPaths = (
				"${PODS_ROOT}/Target Support Files/Pods-ZadatakK7/Pods-ZadatakK7-frameworks-${CONFIGURATION}-input-files.xcfilelist",
			);
			name = "[CP] Embed Pods Frameworks";
			outputFileListPaths = (
				"${PODS_ROOT}/Target Support Files/Pods-ZadatakK7/Pods-ZadatakK7-frameworks-${CONFIGURATION}-output-files.xcfilelist",
			);
			runOnlyForDeploymentPostprocessing = 0;
			shellPath = /bin/sh;
			shellScript = "\"${PODS_ROOT}/Target Support Files/Pods-ZadatakK7/Pods-ZadatakK7-frameworks.sh\"\n";
			showEnvVarsInLog = 0;
		};
/* End PBXShellScriptBuildPhase section */

/* Begin PBXSourcesBuildPhase section */
		2F842A942737CA7F00AA261A /* Sources */ = {
			isa = PBXSourcesBuildPhase;
			buildActionMask = 2147483647;
			files = (
				2F842ADD2737EAC500AA261A /* PersonListVC.swift in Sources */,
				2F842AE527381BDC00AA261A /* ZKIcons.swift in Sources */,
				2F842AC52737D82F00AA261A /* Person.swift in Sources */,
				2F842ACC2737DB9C00AA261A /* PersonInfoVC.swift in Sources */,
				2F842A9C2737CA7F00AA261A /* AppDelegate.swift in Sources */,
				2F842AF92738376200AA261A /* WebTestVC.swift in Sources */,
				2F842ABC2737D2B800AA261A /* ZKColor.swift in Sources */,
				2F842AE9273830BA00AA261A /* KeyboardTestVC.swift in Sources */,
				2F842ABF2737D3E500AA261A /* HomeVC.swift in Sources */,
				2F842AB72737CEEB00AA261A /* ZKButton.swift in Sources */,
				2F842AE22738096700AA261A /* ZKButtonClose.swift in Sources */,
				2F842AD52737E11B00AA261A /* ZKPersonCell.swift in Sources */,
				2F842A9E2737CA7F00AA261A /* SceneDelegate.swift in Sources */,
				2F842AD02737DFFA00AA261A /* PersonMock.swift in Sources */,
			);
			runOnlyForDeploymentPostprocessing = 0;
		};
/* End PBXSourcesBuildPhase section */

/* Begin PBXVariantGroup section */
		2F842AA12737CA7F00AA261A /* Main.storyboard */ = {
			isa = PBXVariantGroup;
			children = (
				2F842AA22737CA7F00AA261A /* Base */,
			);
			name = Main.storyboard;
			sourceTree = "<group>";
		};
		2F842AA62737CA8100AA261A /* LaunchScreen.storyboard */ = {
			isa = PBXVariantGroup;
			children = (
				2F842AA72737CA8100AA261A /* Base */,
			);
			name = LaunchScreen.storyboard;
			sourceTree = "<group>";
		};
/* End PBXVariantGroup section */

/* Begin XCBuildConfiguration section */
		2F842AAA2737CA8100AA261A /* Debug */ = {
			isa = XCBuildConfiguration;
			buildSettings = {
				ALWAYS_SEARCH_USER_PATHS = NO;
				CLANG_ANALYZER_NONNULL = YES;
				CLANG_ANALYZER_NUMBER_OBJECT_CONVERSION = YES_AGGRESSIVE;
				CLANG_CXX_LANGUAGE_STANDARD = "gnu++14";
				CLANG_CXX_LIBRARY = "libc++";
				CLANG_ENABLE_MODULES = YES;
				CLANG_ENABLE_OBJC_ARC = YES;
				CLANG_ENABLE_OBJC_WEAK = YES;
				CLANG_WARN_BLOCK_CAPTURE_AUTORELEASING = YES;
				CLANG_WARN_BOOL_CONVERSION = YES;
				CLANG_WARN_COMMA = YES;
				CLANG_WARN_CONSTANT_CONVERSION = YES;
				CLANG_WARN_DEPRECATED_OBJC_IMPLEMENTATIONS = YES;
				CLANG_WARN_DIRECT_OBJC_ISA_USAGE = YES_ERROR;
				CLANG_WARN_DOCUMENTATION_COMMENTS = YES;
				CLANG_WARN_EMPTY_BODY = YES;
				CLANG_WARN_ENUM_CONVERSION = YES;
				CLANG_WARN_INFINITE_RECURSION = YES;
				CLANG_WARN_INT_CONVERSION = YES;
				CLANG_WARN_NON_LITERAL_NULL_CONVERSION = YES;
				CLANG_WARN_OBJC_IMPLICIT_RETAIN_SELF = YES;
				CLANG_WARN_OBJC_LITERAL_CONVERSION = YES;
				CLANG_WARN_OBJC_ROOT_CLASS = YES_ERROR;
				CLANG_WARN_QUOTED_INCLUDE_IN_FRAMEWORK_HEADER = YES;
				CLANG_WARN_RANGE_LOOP_ANALYSIS = YES;
				CLANG_WARN_STRICT_PROTOTYPES = YES;
				CLANG_WARN_SUSPICIOUS_MOVE = YES;
				CLANG_WARN_UNGUARDED_AVAILABILITY = YES_AGGRESSIVE;
				CLANG_WARN_UNREACHABLE_CODE = YES;
				CLANG_WARN__DUPLICATE_METHOD_MATCH = YES;
				COPY_PHASE_STRIP = NO;
				DEBUG_INFORMATION_FORMAT = dwarf;
				ENABLE_STRICT_OBJC_MSGSEND = YES;
				ENABLE_TESTABILITY = YES;
				GCC_C_LANGUAGE_STANDARD = gnu11;
				GCC_DYNAMIC_NO_PIC = NO;
				GCC_NO_COMMON_BLOCKS = YES;
				GCC_OPTIMIZATION_LEVEL = 0;
				GCC_PREPROCESSOR_DEFINITIONS = (
					"DEBUG=1",
					"$(inherited)",
				);
				GCC_WARN_64_TO_32_BIT_CONVERSION = YES;
				GCC_WARN_ABOUT_RETURN_TYPE = YES_ERROR;
				GCC_WARN_UNDECLARED_SELECTOR = YES;
				GCC_WARN_UNINITIALIZED_AUTOS = YES_AGGRESSIVE;
				GCC_WARN_UNUSED_FUNCTION = YES;
				GCC_WARN_UNUSED_VARIABLE = YES;
				IPHONEOS_DEPLOYMENT_TARGET = 14.4;
				MTL_ENABLE_DEBUG_INFO = INCLUDE_SOURCE;
				MTL_FAST_MATH = YES;
				ONLY_ACTIVE_ARCH = YES;
				SDKROOT = iphoneos;
				SWIFT_ACTIVE_COMPILATION_CONDITIONS = DEBUG;
				SWIFT_OPTIMIZATION_LEVEL = "-Onone";
			};
			name = Debug;
		};
		2F842AAB2737CA8100AA261A /* Release */ = {
			isa = XCBuildConfiguration;
			buildSettings = {
				ALWAYS_SEARCH_USER_PATHS = NO;
				CLANG_ANALYZER_NONNULL = YES;
				CLANG_ANALYZER_NUMBER_OBJECT_CONVERSION = YES_AGGRESSIVE;
				CLANG_CXX_LANGUAGE_STANDARD = "gnu++14";
				CLANG_CXX_LIBRARY = "libc++";
				CLANG_ENABLE_MODULES = YES;
				CLANG_ENABLE_OBJC_ARC = YES;
				CLANG_ENABLE_OBJC_WEAK = YES;
				CLANG_WARN_BLOCK_CAPTURE_AUTORELEASING = YES;
				CLANG_WARN_BOOL_CONVERSION = YES;
				CLANG_WARN_COMMA = YES;
				CLANG_WARN_CONSTANT_CONVERSION = YES;
				CLANG_WARN_DEPRECATED_OBJC_IMPLEMENTATIONS = YES;
				CLANG_WARN_DIRECT_OBJC_ISA_USAGE = YES_ERROR;
				CLANG_WARN_DOCUMENTATION_COMMENTS = YES;
				CLANG_WARN_EMPTY_BODY = YES;
				CLANG_WARN_ENUM_CONVERSION = YES;
				CLANG_WARN_INFINITE_RECURSION = YES;
				CLANG_WARN_INT_CONVERSION = YES;
				CLANG_WARN_NON_LITERAL_NULL_CONVERSION = YES;
				CLANG_WARN_OBJC_IMPLICIT_RETAIN_SELF = YES;
				CLANG_WARN_OBJC_LITERAL_CONVERSION = YES;
				CLANG_WARN_OBJC_ROOT_CLASS = YES_ERROR;
				CLANG_WARN_QUOTED_INCLUDE_IN_FRAMEWORK_HEADER = YES;
				CLANG_WARN_RANGE_LOOP_ANALYSIS = YES;
				CLANG_WARN_STRICT_PROTOTYPES = YES;
				CLANG_WARN_SUSPICIOUS_MOVE = YES;
				CLANG_WARN_UNGUARDED_AVAILABILITY = YES_AGGRESSIVE;
				CLANG_WARN_UNREACHABLE_CODE = YES;
				CLANG_WARN__DUPLICATE_METHOD_MATCH = YES;
				COPY_PHASE_STRIP = NO;
				DEBUG_INFORMATION_FORMAT = "dwarf-with-dsym";
				ENABLE_NS_ASSERTIONS = NO;
				ENABLE_STRICT_OBJC_MSGSEND = YES;
				GCC_C_LANGUAGE_STANDARD = gnu11;
				GCC_NO_COMMON_BLOCKS = YES;
				GCC_WARN_64_TO_32_BIT_CONVERSION = YES;
				GCC_WARN_ABOUT_RETURN_TYPE = YES_ERROR;
				GCC_WARN_UNDECLARED_SELECTOR = YES;
				GCC_WARN_UNINITIALIZED_AUTOS = YES_AGGRESSIVE;
				GCC_WARN_UNUSED_FUNCTION = YES;
				GCC_WARN_UNUSED_VARIABLE = YES;
				IPHONEOS_DEPLOYMENT_TARGET = 14.4;
				MTL_ENABLE_DEBUG_INFO = NO;
				MTL_FAST_MATH = YES;
				SDKROOT = iphoneos;
				SWIFT_COMPILATION_MODE = wholemodule;
				SWIFT_OPTIMIZATION_LEVEL = "-O";
				VALIDATE_PRODUCT = YES;
			};
			name = Release;
		};
		2F842AAD2737CA8100AA261A /* Debug */ = {
			isa = XCBuildConfiguration;
			baseConfigurationReference = 7FF411D70B8679A6D69539A8 /* Pods-ZadatakK7.debug.xcconfig */;
			buildSettings = {
				ASSETCATALOG_COMPILER_APPICON_NAME = AppIcon;
				ASSETCATALOG_COMPILER_GLOBAL_ACCENT_COLOR_NAME = AccentColor;
				CODE_SIGN_STYLE = Automatic;
				DEVELOPMENT_TEAM = N82DWTB377;
				INFOPLIST_FILE = ZadatakK7/Info.plist;
				LD_RUNPATH_SEARCH_PATHS = (
					"$(inherited)",
					"@executable_path/Frameworks",
				);
				PRODUCT_BUNDLE_IDENTIFIER = com.nk.ZadatakK7;
				PRODUCT_NAME = "$(TARGET_NAME)";
				SWIFT_VERSION = 5.0;
				TARGETED_DEVICE_FAMILY = 1;
			};
			name = Debug;
		};
		2F842AAE2737CA8100AA261A /* Release */ = {
			isa = XCBuildConfiguration;
			baseConfigurationReference = 7FC6119FD2353369BC0BB79A /* Pods-ZadatakK7.release.xcconfig */;
			buildSettings = {
				ASSETCATALOG_COMPILER_APPICON_NAME = AppIcon;
				ASSETCATALOG_COMPILER_GLOBAL_ACCENT_COLOR_NAME = AccentColor;
				CODE_SIGN_STYLE = Automatic;
				DEVELOPMENT_TEAM = N82DWTB377;
				INFOPLIST_FILE = ZadatakK7/Info.plist;
				LD_RUNPATH_SEARCH_PATHS = (
					"$(inherited)",
					"@executable_path/Frameworks",
				);
				PRODUCT_BUNDLE_IDENTIFIER = com.nk.ZadatakK7;
				PRODUCT_NAME = "$(TARGET_NAME)";
				SWIFT_VERSION = 5.0;
				TARGETED_DEVICE_FAMILY = 1;
			};
			name = Release;
		};
/* End XCBuildConfiguration section */

/* Begin XCConfigurationList section */
		2F842A932737CA7F00AA261A /* Build configuration list for PBXProject "ZadatakK7" */ = {
			isa = XCConfigurationList;
			buildConfigurations = (
				2F842AAA2737CA8100AA261A /* Debug */,
				2F842AAB2737CA8100AA261A /* Release */,
			);
			defaultConfigurationIsVisible = 0;
			defaultConfigurationName = Release;
		};
		2F842AAC2737CA8100AA261A /* Build configuration list for PBXNativeTarget "ZadatakK7" */ = {
			isa = XCConfigurationList;
			buildConfigurations = (
				2F842AAD2737CA8100AA261A /* Debug */,
				2F842AAE2737CA8100AA261A /* Release */,
			);
			defaultConfigurationIsVisible = 0;
			defaultConfigurationName = Release;
		};
/* End XCConfigurationList section */
	};
	rootObject = 2F842A902737CA7F00AA261A /* Project object */;
}
